// !$*UTF8*$!
{
	archiveVersion = 1;
	classes = {
	};
	objectVersion = 46;
	objects = {

/* Begin PBXBuildFile section */
		E6185DCC1EE94B3D00EDCF83 /* MyTableViewController.swift in Sources */ = {isa = PBXBuildFile; fileRef = E6185DCB1EE94B3D00EDCF83 /* MyTableViewController.swift */; };
		E62CDE8F1EE9001500B84DA5 /* AppDelegate.swift in Sources */ = {isa = PBXBuildFile; fileRef = E62CDE8E1EE9001500B84DA5 /* AppDelegate.swift */; };
		E62CDE941EE9001500B84DA5 /* Main.storyboard in Resources */ = {isa = PBXBuildFile; fileRef = E62CDE921EE9001500B84DA5 /* Main.storyboard */; };
		E62CDE961EE9001500B84DA5 /* Assets.xcassets in Resources */ = {isa = PBXBuildFile; fileRef = E62CDE951EE9001500B84DA5 /* Assets.xcassets */; };
		E62CDE991EE9001500B84DA5 /* LaunchScreen.storyboard in Resources */ = {isa = PBXBuildFile; fileRef = E62CDE971EE9001500B84DA5 /* LaunchScreen.storyboard */; };
		E62CDEA41EE9001600B84DA5 /* tableViewTests.swift in Sources */ = {isa = PBXBuildFile; fileRef = E62CDEA31EE9001600B84DA5 /* tableViewTests.swift */; };
		E62CDEAF1EE9001600B84DA5 /* tableViewUITests.swift in Sources */ = {isa = PBXBuildFile; fileRef = E62CDEAE1EE9001600B84DA5 /* tableViewUITests.swift */; };
/* End PBXBuildFile section */

/* Begin PBXContainerItemProxy section */
		E62CDEA01EE9001600B84DA5 /* PBXContainerItemProxy */ = {
			isa = PBXContainerItemProxy;
			containerPortal = E62CDE831EE9001500B84DA5 /* Project object */;
			proxyType = 1;
			remoteGlobalIDString = E62CDE8A1EE9001500B84DA5;
			remoteInfo = tableView;
		};
		E62CDEAB1EE9001600B84DA5 /* PBXContainerItemProxy */ = {
			isa = PBXContainerItemProxy;
			containerPortal = E62CDE831EE9001500B84DA5 /* Project object */;
			proxyType = 1;
			remoteGlobalIDString = E62CDE8A1EE9001500B84DA5;
			remoteInfo = tableView;
		};
/* End PBXContainerItemProxy section */

/* Begin PBXFileReference section */
		E6185DCB1EE94B3D00EDCF83 /* MyTableViewController.swift */ = {isa = PBXFileReference; fileEncoding = 4; lastKnownFileType = sourcecode.swift; path = MyTableViewController.swift; sourceTree = "<group>"; };
		E62CDE8B1EE9001500B84DA5 /* tableView.app */ = {isa = PBXFileReference; explicitFileType = wrapper.application; includeInIndex = 0; path = tableView.app; sourceTree = BUILT_PRODUCTS_DIR; };
		E62CDE8E1EE9001500B84DA5 /* AppDelegate.swift */ = {isa = PBXFileReference; lastKnownFileType = sourcecode.swift; path = AppDelegate.swift; sourceTree = "<group>"; };
		E62CDE931EE9001500B84DA5 /* Base */ = {isa = PBXFileReference; lastKnownFileType = file.storyboard; name = Base; path = Base.lproj/Main.storyboard; sourceTree = "<group>"; };
		E62CDE951EE9001500B84DA5 /* Assets.xcassets */ = {isa = PBXFileReference; lastKnownFileType = folder.assetcatalog; path = Assets.xcassets; sourceTree = "<group>"; };
		E62CDE981EE9001500B84DA5 /* Base */ = {isa = PBXFileReference; lastKnownFileType = file.storyboard; name = Base; path = Base.lproj/LaunchScreen.storyboard; sourceTree = "<group>"; };
		E62CDE9A1EE9001500B84DA5 /* Info.plist */ = {isa = PBXFileReference; lastKnownFileType = text.plist.xml; path = Info.plist; sourceTree = "<group>"; };
		E62CDE9F1EE9001600B84DA5 /* tableViewTests.xctest */ = {isa = PBXFileReference; explicitFileType = wrapper.cfbundle; includeInIndex = 0; path = tableViewTests.xctest; sourceTree = BUILT_PRODUCTS_DIR; };
		E62CDEA31EE9001600B84DA5 /* tableViewTests.swift */ = {isa = PBXFileReference; lastKnownFileType = sourcecode.swift; path = tableViewTests.swift; sourceTree = "<group>"; };
		E62CDEA51EE9001600B84DA5 /* Info.plist */ = {isa = PBXFileReference; lastKnownFileType = text.plist.xml; path = Info.plist; sourceTree = "<group>"; };
		E62CDEAA1EE9001600B84DA5 /* tableViewUITests.xctest */ = {isa = PBXFileReference; explicitFileType = wrapper.cfbundle; includeInIndex = 0; path = tableViewUITests.xctest; sourceTree = BUILT_PRODUCTS_DIR; };
		E62CDEAE1EE9001600B84DA5 /* tableViewUITests.swift */ = {isa = PBXFileReference; lastKnownFileType = sourcecode.swift; path = tableViewUITests.swift; sourceTree = "<group>"; };
		E62CDEB01EE9001600B84DA5 /* Info.plist */ = {isa = PBXFileReference; lastKnownFileType = text.plist.xml; path = Info.plist; sourceTree = "<group>"; };
/* End PBXFileReference section */

/* Begin PBXFrameworksBuildPhase section */
		E62CDE881EE9001500B84DA5 /* Frameworks */ = {
			isa = PBXFrameworksBuildPhase;
			buildActionMask = 2147483647;
			files = (
			);
			runOnlyForDeploymentPostprocessing = 0;
		};
		E62CDE9C1EE9001600B84DA5 /* Frameworks */ = {
			isa = PBXFrameworksBuildPhase;
			buildActionMask = 2147483647;
			files = (
			);
			runOnlyForDeploymentPostprocessing = 0;
		};
		E62CDEA71EE9001600B84DA5 /* Frameworks */ = {
			isa = PBXFrameworksBuildPhase;
			buildActionMask = 2147483647;
			files = (
			);
			runOnlyForDeploymentPostprocessing = 0;
		};
/* End PBXFrameworksBuildPhase section */

/* Begin PBXGroup section */
		E62CDE821EE9001500B84DA5 = {
			isa = PBXGroup;
			children = (
				E62CDE8D1EE9001500B84DA5 /* tableView */,
				E62CDEA21EE9001600B84DA5 /* tableViewTests */,
				E62CDEAD1EE9001600B84DA5 /* tableViewUITests */,
				E62CDE8C1EE9001500B84DA5 /* Products */,
			);
			sourceTree = "<group>";
		};
		E62CDE8C1EE9001500B84DA5 /* Products */ = {
			isa = PBXGroup;
			children = (
				E62CDE8B1EE9001500B84DA5 /* tableView.app */,
				E62CDE9F1EE9001600B84DA5 /* tableViewTests.xctest */,
				E62CDEAA1EE9001600B84DA5 /* tableViewUITests.xctest */,
			);
			name = Products;
			sourceTree = "<group>";
		};
		E62CDE8D1EE9001500B84DA5 /* tableView */ = {
			isa = PBXGroup;
			children = (
				E62CDE8E1EE9001500B84DA5 /* AppDelegate.swift */,
				E6185DCB1EE94B3D00EDCF83 /* MyTableViewController.swift */,
				E62CDE921EE9001500B84DA5 /* Main.storyboard */,
				E62CDE951EE9001500B84DA5 /* Assets.xcassets */,
				E62CDE971EE9001500B84DA5 /* LaunchScreen.storyboard */,
				E62CDE9A1EE9001500B84DA5 /* Info.plist */,
			);
			path = tableView;
			sourceTree = "<group>";
		};
		E62CDEA21EE9001600B84DA5 /* tableViewTests */ = {
			isa = PBXGroup;
			children = (
				E62CDEA31EE9001600B84DA5 /* tableViewTests.swift */,
				E62CDEA51EE9001600B84DA5 /* Info.plist */,
			);
			path = tableViewTests;
			sourceTree = "<group>";
		};
		E62CDEAD1EE9001600B84DA5 /* tableViewUITests */ = {
			isa = PBXGroup;
			children = (
				E62CDEAE1EE9001600B84DA5 /* tableViewUITests.swift */,
				E62CDEB01EE9001600B84DA5 /* Info.plist */,
			);
			path = tableViewUITests;
			sourceTree = "<group>";
		};
/* End PBXGroup section */

/* Begin PBXNativeTarget section */
		E62CDE8A1EE9001500B84DA5 /* tableView */ = {
			isa = PBXNativeTarget;
			buildConfigurationList = E62CDEB31EE9001600B84DA5 /* Build configuration list for PBXNativeTarget "tableView" */;
			buildPhases = (
				E62CDE871EE9001500B84DA5 /* Sources */,
				E62CDE881EE9001500B84DA5 /* Frameworks */,
				E62CDE891EE9001500B84DA5 /* Resources */,
			);
			buildRules = (
			);
			dependencies = (
			);
			name = tableView;
			productName = tableView;
			productReference = E62CDE8B1EE9001500B84DA5 /* tableView.app */;
			productType = "com.apple.product-type.application";
		};
		E62CDE9E1EE9001600B84DA5 /* tableViewTests */ = {
			isa = PBXNativeTarget;
			buildConfigurationList = E62CDEB61EE9001600B84DA5 /* Build configuration list for PBXNativeTarget "tableViewTests" */;
			buildPhases = (
				E62CDE9B1EE9001600B84DA5 /* Sources */,
				E62CDE9C1EE9001600B84DA5 /* Frameworks */,
				E62CDE9D1EE9001600B84DA5 /* Resources */,
			);
			buildRules = (
			);
			dependencies = (
				E62CDEA11EE9001600B84DA5 /* PBXTargetDependency */,
			);
			name = tableViewTests;
			productName = tableViewTests;
			productReference = E62CDE9F1EE9001600B84DA5 /* tableViewTests.xctest */;
			productType = "com.apple.product-type.bundle.unit-test";
		};
		E62CDEA91EE9001600B84DA5 /* tableViewUITests */ = {
			isa = PBXNativeTarget;
			buildConfigurationList = E62CDEB91EE9001600B84DA5 /* Build configuration list for PBXNativeTarget "tableViewUITests" */;
			buildPhases = (
				E62CDEA61EE9001600B84DA5 /* Sources */,
				E62CDEA71EE9001600B84DA5 /* Frameworks */,
				E62CDEA81EE9001600B84DA5 /* Resources */,
			);
			buildRules = (
			);
			dependencies = (
				E62CDEAC1EE9001600B84DA5 /* PBXTargetDependency */,
			);
			name = tableViewUITests;
			productName = tableViewUITests;
			productReference = E62CDEAA1EE9001600B84DA5 /* tableViewUITests.xctest */;
			productType = "com.apple.product-type.bundle.ui-testing";
		};
/* End PBXNativeTarget section */

/* Begin PBXProject section */
		E62CDE831EE9001500B84DA5 /* Project object */ = {
			isa = PBXProject;
			attributes = {
				LastSwiftUpdateCheck = 0830;
				LastUpgradeCheck = 0830;
				ORGANIZATIONNAME = "YERZHAN SERIKBAY";
				TargetAttributes = {
					E62CDE8A1EE9001500B84DA5 = {
						CreatedOnToolsVersion = 8.3.2;
						ProvisioningStyle = Automatic;
					};
					E62CDE9E1EE9001600B84DA5 = {
						CreatedOnToolsVersion = 8.3.2;
						ProvisioningStyle = Automatic;
						TestTargetID = E62CDE8A1EE9001500B84DA5;
					};
					E62CDEA91EE9001600B84DA5 = {
						CreatedOnToolsVersion = 8.3.2;
						ProvisioningStyle = Automatic;
						TestTargetID = E62CDE8A1EE9001500B84DA5;
					};
				};
			};
			buildConfigurationList = E62CDE861EE9001500B84DA5 /* Build configuration list for PBXProject "tableView" */;
			compatibilityVersion = "Xcode 3.2";
			developmentRegion = English;
			hasScannedForEncodings = 0;
			knownRegions = (
				en,
				Base,
			);
			mainGroup = E62CDE821EE9001500B84DA5;
			productRefGroup = E62CDE8C1EE9001500B84DA5 /* Products */;
			projectDirPath = "";
			projectRoot = "";
			targets = (
				E62CDE8A1EE9001500B84DA5 /* tableView */,
				E62CDE9E1EE9001600B84DA5 /* tableViewTests */,
				E62CDEA91EE9001600B84DA5 /* tableViewUITests */,
			);
		};
/* End PBXProject section */

/* Begin PBXResourcesBuildPhase section */
		E62CDE891EE9001500B84DA5 /* Resources */ = {
			isa = PBXResourcesBuildPhase;
			buildActionMask = 2147483647;
			files = (
				E62CDE991EE9001500B84DA5 /* LaunchScreen.storyboard in Resources */,
				E62CDE961EE9001500B84DA5 /* Assets.xcassets in Resources */,
				E62CDE941EE9001500B84DA5 /* Main.storyboard in Resources */,
			);
			runOnlyForDeploymentPostprocessing = 0;
		};
		E62CDE9D1EE9001600B84DA5 /* Resources */ = {
			isa = PBXResourcesBuildPhase;
			buildActionMask = 2147483647;
			files = (
			);
			runOnlyForDeploymentPostprocessing = 0;
		};
		E62CDEA81EE9001600B84DA5 /* Resources */ = {
			isa = PBXResourcesBuildPhase;
			buildActionMask = 2147483647;
			files = (
			);
			runOnlyForDeploymentPostprocessing = 0;
		};
/* End PBXResourcesBuildPhase section */

/* Begin PBXSourcesBuildPhase section */
		E62CDE871EE9001500B84DA5 /* Sources */ = {
			isa = PBXSourcesBuildPhase;
			buildActionMask = 2147483647;
			files = (
				E62CDE8F1EE9001500B84DA5 /* AppDelegate.swift in Sources */,
				E6185DCC1EE94B3D00EDCF83 /* MyTableViewController.swift in Sources */,
			);
			runOnlyForDeploymentPostprocessing = 0;
		};
		E62CDE9B1EE9001600B84DA5 /* Sources */ = {
			isa = PBXSourcesBuildPhase;
			buildActionMask = 2147483647;
			files = (
				E62CDEA41EE9001600B84DA5 /* tableViewTests.swift in Sources */,
			);
			runOnlyForDeploymentPostprocessing = 0;
		};
		E62CDEA61EE9001600B84DA5 /* Sources */ = {
			isa = PBXSourcesBuildPhase;
			buildActionMask = 2147483647;
			files = (
				E62CDEAF1EE9001600B84DA5 /* tableViewUITests.swift in Sources */,
			);
			runOnlyForDeploymentPostprocessing = 0;
		};
/* End PBXSourcesBuildPhase section */

/* Begin PBXTargetDependency section */
		E62CDEA11EE9001600B84DA5 /* PBXTargetDependency */ = {
			isa = PBXTargetDependency;
			target = E62CDE8A1EE9001500B84DA5 /* tableView */;
			targetProxy = E62CDEA01EE9001600B84DA5 /* PBXContainerItemProxy */;
		};
		E62CDEAC1EE9001600B84DA5 /* PBXTargetDependency */ = {
			isa = PBXTargetDependency;
			target = E62CDE8A1EE9001500B84DA5 /* tableView */;
			targetProxy = E62CDEAB1EE9001600B84DA5 /* PBXContainerItemProxy */;
		};
/* End PBXTargetDependency section */

/* Begin PBXVariantGroup section */
		E62CDE921EE9001500B84DA5 /* Main.storyboard */ = {
			isa = PBXVariantGroup;
			children = (
				E62CDE931EE9001500B84DA5 /* Base */,
			);
			name = Main.storyboard;
			sourceTree = "<group>";
		};
		E62CDE971EE9001500B84DA5 /* LaunchScreen.storyboard */ = {
			isa = PBXVariantGroup;
			children = (
				E62CDE981EE9001500B84DA5 /* Base */,
			);
			name = LaunchScreen.storyboard;
			sourceTree = "<group>";
		};
/* End PBXVariantGroup section */

/* Begin XCBuildConfiguration section */
		E62CDEB11EE9001600B84DA5 /* Debug */ = {
			isa = XCBuildConfiguration;
			buildSettings = {
				ALWAYS_SEARCH_USER_PATHS = NO;
				CLANG_ANALYZER_NONNULL = YES;
				CLANG_ANALYZER_NUMBER_OBJECT_CONVERSION = YES_AGGRESSIVE;
				CLANG_CXX_LANGUAGE_STANDARD = "gnu++0x";
				CLANG_CXX_LIBRARY = "libc++";
				CLANG_ENABLE_MODULES = YES;
				CLANG_ENABLE_OBJC_ARC = YES;
				CLANG_WARN_BOOL_CONVERSION = YES;
				CLANG_WARN_CONSTANT_CONVERSION = YES;
				CLANG_WARN_DIRECT_OBJC_ISA_USAGE = YES_ERROR;
				CLANG_WARN_DOCUMENTATION_COMMENTS = YES;
				CLANG_WARN_EMPTY_BODY = YES;
				CLANG_WARN_ENUM_CONVERSION = YES;
				CLANG_WARN_INFINITE_RECURSION = YES;
				CLANG_WARN_INT_CONVERSION = YES;
				CLANG_WARN_OBJC_ROOT_CLASS = YES_ERROR;
				CLANG_WARN_SUSPICIOUS_MOVE = YES;
				CLANG_WARN_UNREACHABLE_CODE = YES;
				CLANG_WARN__DUPLICATE_METHOD_MATCH = YES;
				"CODE_SIGN_IDENTITY[sdk=iphoneos*]" = "iPhone Developer";
				COPY_PHASE_STRIP = NO;
				DEBUG_INFORMATION_FORMAT = dwarf;
				ENABLE_STRICT_OBJC_MSGSEND = YES;
				ENABLE_TESTABILITY = YES;
				GCC_C_LANGUAGE_STANDARD = gnu99;
				GCC_DYNAMIC_NO_PIC = NO;
				GCC_NO_COMMON_BLOCKS = YES;
				GCC_OPTIMIZATION_LEVEL = 0;
				GCC_PREPROCESSOR_DEFINITIONS = (
					"DEBUG=1",
					"$(inherited)",
				);
				GCC_WARN_64_TO_32_BIT_CONVERSION = YES;
				GCC_WARN_ABOUT_RETURN_TYPE = YES_ERROR;
				GCC_WARN_UNDECLARED_SELECTOR = YES;
				GCC_WARN_UNINITIALIZED_AUTOS = YES_AGGRESSIVE;
				GCC_WARN_UNUSED_FUNCTION = YES;
				GCC_WARN_UNUSED_VARIABLE = YES;
				IPHONEOS_DEPLOYMENT_TARGET = 10.3;
				MTL_ENABLE_DEBUG_INFO = YES;
				ONLY_ACTIVE_ARCH = YES;
				SDKROOT = iphoneos;
				SWIFT_ACTIVE_COMPILATION_CONDITIONS = DEBUG;
				SWIFT_OPTIMIZATION_LEVEL = "-Onone";
				TARGETED_DEVICE_FAMILY = "1,2";
			};
			name = Debug;
		};
		E62CDEB21EE9001600B84DA5 /* Release */ = {
			isa = XCBuildConfiguration;
			buildSettings = {
				ALWAYS_SEARCH_USER_PATHS = NO;
				CLANG_ANALYZER_NONNULL = YES;
				CLANG_ANALYZER_NUMBER_OBJECT_CONVERSION = YES_AGGRESSIVE;
				CLANG_CXX_LANGUAGE_STANDARD = "gnu++0x";
				CLANG_CXX_LIBRARY = "libc++";
				CLANG_ENABLE_MODULES = YES;
				CLANG_ENABLE_OBJC_ARC = YES;
				CLANG_WARN_BOOL_CONVERSION = YES;
				CLANG_WARN_CONSTANT_CONVERSION = YES;
				CLANG_WARN_DIRECT_OBJC_ISA_USAGE = YES_ERROR;
				CLANG_WARN_DOCUMENTATION_COMMENTS = YES;
				CLANG_WARN_EMPTY_BODY = YES;
				CLANG_WARN_ENUM_CONVERSION = YES;
				CLANG_WARN_INFINITE_RECURSION = YES;
				CLANG_WARN_INT_CONVERSION = YES;
				CLANG_WARN_OBJC_ROOT_CLASS = YES_ERROR;
				CLANG_WARN_SUSPICIOUS_MOVE = YES;
				CLANG_WARN_UNREACHABLE_CODE = YES;
				CLANG_WARN__DUPLICATE_METHOD_MATCH = YES;
				"CODE_SIGN_IDENTITY[sdk=iphoneos*]" = "iPhone Developer";
				COPY_PHASE_STRIP = NO;
				DEBUG_INFORMATION_FORMAT = "dwarf-with-dsym";
				ENABLE_NS_ASSERTIONS = NO;
				ENABLE_STRICT_OBJC_MSGSEND = YES;
				GCC_C_LANGUAGE_STANDARD = gnu99;
				GCC_NO_COMMON_BLOCKS = YES;
				GCC_WARN_64_TO_32_BIT_CONVERSION = YES;
				GCC_WARN_ABOUT_RETURN_TYPE = YES_ERROR;
				GCC_WARN_UNDECLARED_SELECTOR = YES;
				GCC_WARN_UNINITIALIZED_AUTOS = YES_AGGRESSIVE;
				GCC_WARN_UNUSED_FUNCTION = YES;
				GCC_WARN_UNUSED_VARIABLE = YES;
				IPHONEOS_DEPLOYMENT_TARGET = 10.3;
				MTL_ENABLE_DEBUG_INFO = NO;
				SDKROOT = iphoneos;
				SWIFT_OPTIMIZATION_LEVEL = "-Owholemodule";
				TARGETED_DEVICE_FAMILY = "1,2";
				VALIDATE_PRODUCT = YES;
			};
			name = Release;
		};
		E62CDEB41EE9001600B84DA5 /* Debug */ = {
			isa = XCBuildConfiguration;
			buildSettings = {
				ASSETCATALOG_COMPILER_APPICON_NAME = AppIcon;
				INFOPLIST_FILE = tableView/Info.plist;
				LD_RUNPATH_SEARCH_PATHS = "$(inherited) @executable_path/Frameworks";
				PRODUCT_BUNDLE_IDENTIFIER = HOME.tableView;
				PRODUCT_NAME = "$(TARGET_NAME)";
				SWIFT_VERSION = 3.0;
			};
			name = Debug;
		};
		E62CDEB51EE9001600B84DA5 /* Release */ = {
			isa = XCBuildConfiguration;
			buildSettings = {
				ASSETCATALOG_COMPILER_APPICON_NAME = AppIcon;
				INFOPLIST_FILE = tableView/Info.plist;
				LD_RUNPATH_SEARCH_PATHS = "$(inherited) @executable_path/Frameworks";
				PRODUCT_BUNDLE_IDENTIFIER = HOME.tableView;
				PRODUCT_NAME = "$(TARGET_NAME)";
				SWIFT_VERSION = 3.0;
			};
			name = Release;
		};
		E62CDEB71EE9001600B84DA5 /* Debug */ = {
			isa = XCBuildConfiguration;
			buildSettings = {
				ALWAYS_EMBED_SWIFT_STANDARD_LIBRARIES = YES;
				BUNDLE_LOADER = "$(TEST_HOST)";
				INFOPLIST_FILE = tableViewTests/Info.plist;
				LD_RUNPATH_SEARCH_PATHS = "$(inherited) @executable_path/Frameworks @loader_path/Frameworks";
				PRODUCT_BUNDLE_IDENTIFIER = HOME.tableViewTests;
				PRODUCT_NAME = "$(TARGET_NAME)";
				SWIFT_VERSION = 3.0;
				TEST_HOST = "$(BUILT_PRODUCTS_DIR)/tableView.app/tableView";
			};
			name = Debug;
		};
		E62CDEB81EE9001600B84DA5 /* Release */ = {
			isa = XCBuildConfiguration;
			buildSettings = {
				ALWAYS_EMBED_SWIFT_STANDARD_LIBRARIES = YES;
				BUNDLE_LOADER = "$(TEST_HOST)";
				INFOPLIST_FILE = tableViewTests/Info.plist;
				LD_RUNPATH_SEARCH_PATHS = "$(inherited) @executable_path/Frameworks @loader_path/Frameworks";
				PRODUCT_BUNDLE_IDENTIFIER = HOME.tableViewTests;
				PRODUCT_NAME = "$(TARGET_NAME)";
				SWIFT_VERSION = 3.0;
				TEST_HOST = "$(BUILT_PRODUCTS_DIR)/tableView.app/tableView";
			};
			name = Release;
		};
		E62CDEBA1EE9001600B84DA5 /* Debug */ = {
			isa = XCBuildConfiguration;
			buildSettings = {
				ALWAYS_EMBED_SWIFT_STANDARD_LIBRARIES = YES;
				INFOPLIST_FILE = tableViewUITests/Info.plist;
				LD_RUNPATH_SEARCH_PATHS = "$(inherited) @executable_path/Frameworks @loader_path/Frameworks";
				PRODUCT_BUNDLE_IDENTIFIER = HOME.tableViewUITests;
				PRODUCT_NAME = "$(TARGET_NAME)";
				SWIFT_VERSION = 3.0;
				TEST_TARGET_NAME = tableView;
			};
			name = Debug;
		};
		E62CDEBB1EE9001600B84DA5 /* Release */ = {
			isa = XCBuildConfiguration;
			buildSettings = {
				ALWAYS_EMBED_SWIFT_STANDARD_LIBRARIES = YES;
				INFOPLIST_FILE = tableViewUITests/Info.plist;
				LD_RUNPATH_SEARCH_PATHS = "$(inherited) @executable_path/Frameworks @loader_path/Frameworks";
				PRODUCT_BUNDLE_IDENTIFIER = HOME.tableViewUITests;
				PRODUCT_NAME = "$(TARGET_NAME)";
				SWIFT_VERSION = 3.0;
				TEST_TARGET_NAME = tableView;
			};
			name = Release;
		};
/* End XCBuildConfiguration section */

/* Begin XCConfigurationList section */
		E62CDE861EE9001500B84DA5 /* Build configuration list for PBXProject "tableView" */ = {
			isa = XCConfigurationList;
			buildConfigurations = (
				E62CDEB11EE9001600B84DA5 /* Debug */,
				E62CDEB21EE9001600B84DA5 /* Release */,
			);
			defaultConfigurationIsVisible = 0;
			defaultConfigurationName = Release;
		};
		E62CDEB31EE9001600B84DA5 /* Build configuration list for PBXNativeTarget "tableView" */ = {
			isa = XCConfigurationList;
			buildConfigurations = (
				E62CDEB41EE9001600B84DA5 /* Debug */,
				E62CDEB51EE9001600B84DA5 /* Release */,
			);
			defaultConfigurationIsVisible = 0;
			defaultConfigurationName = Release;
		};
		E62CDEB61EE9001600B84DA5 /* Build configuration list for PBXNativeTarget "tableViewTests" */ = {
			isa = XCConfigurationList;
			buildConfigurations = (
				E62CDEB71EE9001600B84DA5 /* Debug */,
				E62CDEB81EE9001600B84DA5 /* Release */,
			);
			defaultConfigurationIsVisible = 0;
			defaultConfigurationName = Release;
		};
		E62CDEB91EE9001600B84DA5 /* Build configuration list for PBXNativeTarget "tableViewUITests" */ = {
			isa = XCConfigurationList;
			buildConfigurations = (
				E62CDEBA1EE9001600B84DA5 /* Debug */,
				E62CDEBB1EE9001600B84DA5 /* Release */,
			);
			defaultConfigurationIsVisible = 0;
			defaultConfigurationName = Release;
		};
/* End XCConfigurationList section */
	};
	rootObject = E62CDE831EE9001500B84DA5 /* Project object */;
}
